
Microsoft Visual Studio Solution File, Format Version 12.00
# Visual Studio Version 17
VisualStudioVersion = 17.5.002.0
MinimumVisualStudioVersion = 10.0.40219.1
Project("{9A19103F-16F7-4668-BE54-9A1E7A4F7556}") = "Portfolio Assignment 3 - Exam Unit 3", "Portfolio Assignment 3 - Exam Unit 3.csproj", "{3190DEA4-D075-4939-B9D8-8E3AE6FC9569}"
EndProject
Global
	GlobalSection(SolutionConfigurationPlatforms) = preSolution
		Debug|Any CPU = Debug|Any CPU
		Release|Any CPU = Release|Any CPU
	EndGlobalSection
	GlobalSection(ProjectConfigurationPlatforms) = postSolution
		{3190DEA4-D075-4939-B9D8-8E3AE6FC9569}.Debug|Any CPU.ActiveCfg = Debug|Any CPU
		{3190DEA4-D075-4939-B9D8-8E3AE6FC9569}.Debug|Any CPU.Build.0 = Debug|Any CPU
		{3190DEA4-D075-4939-B9D8-8E3AE6FC9569}.Release|Any CPU.ActiveCfg = Release|Any CPU
		{3190DEA4-D075-4939-B9D8-8E3AE6FC9569}.Release|Any CPU.Build.0 = Release|Any CPU
	EndGlobalSection
	GlobalSection(SolutionProperties) = preSolution
		HideSolutionNode = FALSE
	EndGlobalSection
	GlobalSection(ExtensibilityGlobals) = postSolution
		SolutionGuid = {A52EF03C-3459-4DDB-A840-3EA9CE5E7ED8}
	EndGlobalSection
EndGlobal
